# This file is automatically @generated by Cargo.
# It is not intended for manual editing.
version = 3

[[package]]
name = "memchr"
version = "2.7.4"
source = "registry+https://github.com/rust-lang/crates.io-index"
checksum = "78ca9ab1a0babb1e7d5695e3530886289c18cf2f87ec19a575a0abdce112e3a3"

[[package]]
name = "nix-derivation-parser"
version = "0.1.0"
dependencies = [
 "winnow",
]

[[package]]
name = "winnow"
version = "0.4.11"
source = "registry+https://github.com/rust-lang/crates.io-index"
checksum = "656953b22bcbfb1ec8179d60734981d1904494ecc91f8a3f0ee5c7389bb8eb4b"
dependencies = [
 "memchr",
]
